
Microsoft Visual Studio Solution File, Format Version 12.00
# Visual Studio Version 16
VisualStudioVersion = 16.0.29519.87
MinimumVisualStudioVersion = 10.0.40219.1
Project("{FAE04EC0-301F-11D3-BF4B-00C04F79EFBC}") = "card", "card\card.csproj", "{75684BDF-E0C8-4FE5-83A3-EC35AC68B890}"
EndProject
Project("{54435603-DBB4-11D2-8724-00A0C9A8B90C}") = "Card Manager SETUP", "Card Manager SETUP\Card Manager SETUP\Card Manager SETUP.vdproj", "{8C78C631-B7D5-48EB-A3E9-14E735DBC67F}"
EndProject
Global
	GlobalSection(SolutionConfigurationPlatforms) = preSolution
		Debug|Any CPU = Debug|Any CPU
		Release|Any CPU = Release|Any CPU
		V 2.0|Any CPU = V 2.0|Any CPU
	EndGlobalSection
	GlobalSection(ProjectConfigurationPlatforms) = postSolution
		{75684BDF-E0C8-4FE5-83A3-EC35AC68B890}.Debug|Any CPU.ActiveCfg = Debug|Any CPU
		{75684BDF-E0C8-4FE5-83A3-EC35AC68B890}.Debug|Any CPU.Build.0 = Debug|Any CPU
		{75684BDF-E0C8-4FE5-83A3-EC35AC68B890}.Release|Any CPU.ActiveCfg = Release|Any CPU
		{75684BDF-E0C8-4FE5-83A3-EC35AC68B890}.Release|Any CPU.Build.0 = Release|Any CPU
		{75684BDF-E0C8-4FE5-83A3-EC35AC68B890}.V 2.0|Any CPU.ActiveCfg = Release|Any CPU
		{75684BDF-E0C8-4FE5-83A3-EC35AC68B890}.V 2.0|Any CPU.Build.0 = Release|Any CPU
		{8C78C631-B7D5-48EB-A3E9-14E735DBC67F}.Debug|Any CPU.ActiveCfg = Debug
		{8C78C631-B7D5-48EB-A3E9-14E735DBC67F}.Release|Any CPU.ActiveCfg = Release
		{8C78C631-B7D5-48EB-A3E9-14E735DBC67F}.V 2.0|Any CPU.ActiveCfg = Release
	EndGlobalSection
	GlobalSection(SolutionProperties) = preSolution
		HideSolutionNode = FALSE
	EndGlobalSection
	GlobalSection(ExtensibilityGlobals) = postSolution
		SolutionGuid = {AA47518F-C0AC-4A0F-80E4-1C7A53D66390}
	EndGlobalSection
EndGlobal
